PODS:
  - MBProgressHUD (1.0.0)
  - SDWebImage (3.8.1):
    - SDWebImage/Core (= 3.8.1)
  - SDWebImage/Core (3.8.1)

DEPENDENCIES:
  - MBProgressHUD
  - SDWebImage (= 3.8.1)

SPEC CHECKSUMS:
  MBProgressHUD: 4890f671c94e8a0f3cf959aa731e9de2f036d71a
  SDWebImage: 35f9627a3e44b4f292a8a8ce6a531fa488239b91

PODFILE CHECKSUM: ddfbb2bc93f7a97327cd4990ccdcbdcc4dcca1d1

COCOAPODS: 1.2.0
