// !$*UTF8*$!
{
	archiveVersion = 1;
	classes = {
	};
	objectVersion = 46;
	objects = {

/* Begin PBXBuildFile section */
		0FAFB8F765696DBC809CF28C /* libPods-HWPhotoPicker.a in Frameworks */ = {isa = PBXBuildFile; fileRef = E2A8A5696D328DEF0762B383 /* libPods-HWPhotoPicker.a */; };
		BCEC3FF71E8F9A57000B06BD /* NSArray+Util.m in Sources */ = {isa = PBXBuildFile; fileRef = BCEC3FA61E8F9A57000B06BD /* NSArray+Util.m */; };
		BCEC3FF81E8F9A57000B06BD /* NSObject+AOP.m in Sources */ = {isa = PBXBuildFile; fileRef = BCEC3FA91E8F9A57000B06BD /* NSObject+AOP.m */; };
		BCEC3FF91E8F9A57000B06BD /* NSObject+RunTimeUtility.m in Sources */ = {isa = PBXBuildFile; fileRef = BCEC3FAB1E8F9A57000B06BD /* NSObject+RunTimeUtility.m */; };
		BCEC3FFA1E8F9A57000B06BD /* NSString+CalculateSize.m in Sources */ = {isa = PBXBuildFile; fileRef = BCEC3FAE1E8F9A57000B06BD /* NSString+CalculateSize.m */; };
		BCEC3FFB1E8F9A57000B06BD /* NSString+Date.m in Sources */ = {isa = PBXBuildFile; fileRef = BCEC3FB01E8F9A57000B06BD /* NSString+Date.m */; };
		BCEC3FFC1E8F9A57000B06BD /* NSString+ECExtensions.m in Sources */ = {isa = PBXBuildFile; fileRef = BCEC3FB21E8F9A57000B06BD /* NSString+ECExtensions.m */; };
		BCEC3FFD1E8F9A57000B06BD /* UIAlertView+BlockKit.m in Sources */ = {isa = PBXBuildFile; fileRef = BCEC3FB51E8F9A57000B06BD /* UIAlertView+BlockKit.m */; };
		BCEC3FFE1E8F9A57000B06BD /* UIButton+Extension.m in Sources */ = {isa = PBXBuildFile; fileRef = BCEC3FB81E8F9A57000B06BD /* UIButton+Extension.m */; };
		BCEC3FFF1E8F9A57000B06BD /* UIImage+ECExtensions.m in Sources */ = {isa = PBXBuildFile; fileRef = BCEC3FBB1E8F9A57000B06BD /* UIImage+ECExtensions.m */; };
		BCEC40001E8F9A57000B06BD /* UITableView+CYLTableViewPlaceHolder.m in Sources */ = {isa = PBXBuildFile; fileRef = BCEC3FC01E8F9A57000B06BD /* UITableView+CYLTableViewPlaceHolder.m */; };
		BCEC40011E8F9A57000B06BD /* UIView+CommonMethods.m in Sources */ = {isa = PBXBuildFile; fileRef = BCEC3FC31E8F9A57000B06BD /* UIView+CommonMethods.m */; };
		BCEC40021E8F9A57000B06BD /* UIView+Extension.m in Sources */ = {isa = PBXBuildFile; fileRef = BCEC3FC51E8F9A57000B06BD /* UIView+Extension.m */; };
		BCEC40031E8F9A57000B06BD /* UIViewController+ECCommonMethods.m in Sources */ = {isa = PBXBuildFile; fileRef = BCEC3FC81E8F9A57000B06BD /* UIViewController+ECCommonMethods.m */; };
		BCEC40041E8F9A57000B06BD /* AssetSourceManager.m in Sources */ = {isa = PBXBuildFile; fileRef = BCEC3FCB1E8F9A57000B06BD /* AssetSourceManager.m */; };
		BCEC40051E8F9A57000B06BD /* ImageDataAPI.m in Sources */ = {isa = PBXBuildFile; fileRef = BCEC3FCD1E8F9A57000B06BD /* ImageDataAPI.m */; };
		BCEC40061E8F9A57000B06BD /* PHSourceManager.m in Sources */ = {isa = PBXBuildFile; fileRef = BCEC3FCF1E8F9A57000B06BD /* PHSourceManager.m */; };
		BCEC40071E8F9A57000B06BD /* ALAsset+Date.m in Sources */ = {isa = PBXBuildFile; fileRef = BCEC3FD21E8F9A57000B06BD /* ALAsset+Date.m */; };
		BCEC40081E8F9A57000B06BD /* AlbumObj.m in Sources */ = {isa = PBXBuildFile; fileRef = BCEC3FD41E8F9A57000B06BD /* AlbumObj.m */; };
		BCEC40091E8F9A57000B06BD /* HWImageModel.m in Sources */ = {isa = PBXBuildFile; fileRef = BCEC3FD61E8F9A57000B06BD /* HWImageModel.m */; };
		BCEC400A1E8F9A57000B06BD /* MomentCollection.m in Sources */ = {isa = PBXBuildFile; fileRef = BCEC3FD81E8F9A57000B06BD /* MomentCollection.m */; };
		BCEC400B1E8F9A57000B06BD /* PhotoObj.m in Sources */ = {isa = PBXBuildFile; fileRef = BCEC3FDA1E8F9A57000B06BD /* PhotoObj.m */; };
		BCEC400C1E8F9A57000B06BD /* ECShowImageView.m in Sources */ = {isa = PBXBuildFile; fileRef = BCEC3FDD1E8F9A57000B06BD /* ECShowImageView.m */; };
		BCEC400D1E8F9A57000B06BD /* HWAdsScrollView.m in Sources */ = {isa = PBXBuildFile; fileRef = BCEC3FE11E8F9A57000B06BD /* HWAdsScrollView.m */; };
		BCEC400E1E8F9A57000B06BD /* HWPageControl.m in Sources */ = {isa = PBXBuildFile; fileRef = BCEC3FE31E8F9A57000B06BD /* HWPageControl.m */; };
		BCEC400F1E8F9A57000B06BD /* HWScrollView.m in Sources */ = {isa = PBXBuildFile; fileRef = BCEC3FE51E8F9A57000B06BD /* HWScrollView.m */; };
		BCEC40101E8F9A57000B06BD /* MultiPickerViewController.m in Sources */ = {isa = PBXBuildFile; fileRef = BCEC3FE71E8F9A57000B06BD /* MultiPickerViewController.m */; };
		BCEC40111E8F9A57000B06BD /* PhotoPickerController.m in Sources */ = {isa = PBXBuildFile; fileRef = BCEC3FE91E8F9A57000B06BD /* PhotoPickerController.m */; };
		BCEC40121E8F9A57000B06BD /* btn_navi_return_title.png in Resources */ = {isa = PBXBuildFile; fileRef = BCEC3FEB1E8F9A57000B06BD /* btn_navi_return_title.png */; };
		BCEC40131E8F9A57000B06BD /* photopicker_nor.png in Resources */ = {isa = PBXBuildFile; fileRef = BCEC3FEC1E8F9A57000B06BD /* photopicker_nor.png */; };
		BCEC40141E8F9A57000B06BD /* photopicker_sel.png in Resources */ = {isa = PBXBuildFile; fileRef = BCEC3FED1E8F9A57000B06BD /* photopicker_sel.png */; };
		BCEC40151E8F9A57000B06BD /* MultiPickerCell.m in Sources */ = {isa = PBXBuildFile; fileRef = BCEC3FF01E8F9A57000B06BD /* MultiPickerCell.m */; };
		BCEC40161E8F9A57000B06BD /* PhotoPickerCell.m in Sources */ = {isa = PBXBuildFile; fileRef = BCEC3FF21E8F9A57000B06BD /* PhotoPickerCell.m */; };
		BCEC40171E8F9A57000B06BD /* PickerElementView.m in Sources */ = {isa = PBXBuildFile; fileRef = BCEC3FF41E8F9A57000B06BD /* PickerElementView.m */; };
		BCEC40181E8F9A57000B06BD /* VedioElementInfoView.m in Sources */ = {isa = PBXBuildFile; fileRef = BCEC3FF61E8F9A57000B06BD /* VedioElementInfoView.m */; };
		BCF2545E1E8E61B800703981 /* main.m in Sources */ = {isa = PBXBuildFile; fileRef = BCF2545D1E8E61B800703981 /* main.m */; };
		BCF254611E8E61B800703981 /* AppDelegate.m in Sources */ = {isa = PBXBuildFile; fileRef = BCF254601E8E61B800703981 /* AppDelegate.m */; };
		BCF254641E8E61B800703981 /* ViewController.m in Sources */ = {isa = PBXBuildFile; fileRef = BCF254631E8E61B800703981 /* ViewController.m */; };
		BCF254671E8E61B800703981 /* Main.storyboard in Resources */ = {isa = PBXBuildFile; fileRef = BCF254651E8E61B800703981 /* Main.storyboard */; };
		BCF254691E8E61B800703981 /* Assets.xcassets in Resources */ = {isa = PBXBuildFile; fileRef = BCF254681E8E61B800703981 /* Assets.xcassets */; };
		BCF2546C1E8E61B800703981 /* LaunchScreen.storyboard in Resources */ = {isa = PBXBuildFile; fileRef = BCF2546A1E8E61B800703981 /* LaunchScreen.storyboard */; };
/* End PBXBuildFile section */

/* Begin PBXFileReference section */
		2D8A58BD3595FF3468D80A47 /* Pods-HWPhotoPicker.release.xcconfig */ = {isa = PBXFileReference; includeInIndex = 1; lastKnownFileType = text.xcconfig; name = "Pods-HWPhotoPicker.release.xcconfig"; path = "Pods/Target Support Files/Pods-HWPhotoPicker/Pods-HWPhotoPicker.release.xcconfig"; sourceTree = "<group>"; };
		66CC029F4236A54723949D08 /* Pods-HWPhotoPicker.debug.xcconfig */ = {isa = PBXFileReference; includeInIndex = 1; lastKnownFileType = text.xcconfig; name = "Pods-HWPhotoPicker.debug.xcconfig"; path = "Pods/Target Support Files/Pods-HWPhotoPicker/Pods-HWPhotoPicker.debug.xcconfig"; sourceTree = "<group>"; };
		BCEC3FA51E8F9A57000B06BD /* NSArray+Util.h */ = {isa = PBXFileReference; fileEncoding = 4; lastKnownFileType = sourcecode.c.h; path = "NSArray+Util.h"; sourceTree = "<group>"; };
		BCEC3FA61E8F9A57000B06BD /* NSArray+Util.m */ = {isa = PBXFileReference; fileEncoding = 4; lastKnownFileType = sourcecode.c.objc; path = "NSArray+Util.m"; sourceTree = "<group>"; };
		BCEC3FA81E8F9A57000B06BD /* NSObject+AOP.h */ = {isa = PBXFileReference; fileEncoding = 4; lastKnownFileType = sourcecode.c.h; path = "NSObject+AOP.h"; sourceTree = "<group>"; };
		BCEC3FA91E8F9A57000B06BD /* NSObject+AOP.m */ = {isa = PBXFileReference; fileEncoding = 4; lastKnownFileType = sourcecode.c.objc; path = "NSObject+AOP.m"; sourceTree = "<group>"; };
		BCEC3FAA1E8F9A57000B06BD /* NSObject+RunTimeUtility.h */ = {isa = PBXFileReference; fileEncoding = 4; lastKnownFileType = sourcecode.c.h; path = "NSObject+RunTimeUtility.h"; sourceTree = "<group>"; };
		BCEC3FAB1E8F9A57000B06BD /* NSObject+RunTimeUtility.m */ = {isa = PBXFileReference; fileEncoding = 4; lastKnownFileType = sourcecode.c.objc; path = "NSObject+RunTimeUtility.m"; sourceTree = "<group>"; };
		BCEC3FAD1E8F9A57000B06BD /* NSString+CalculateSize.h */ = {isa = PBXFileReference; fileEncoding = 4; lastKnownFileType = sourcecode.c.h; path = "NSString+CalculateSize.h"; sourceTree = "<group>"; };
		BCEC3FAE1E8F9A57000B06BD /* NSString+CalculateSize.m */ = {isa = PBXFileReference; fileEncoding = 4; lastKnownFileType = sourcecode.c.objc; path = "NSString+CalculateSize.m"; sourceTree = "<group>"; };
		BCEC3FAF1E8F9A57000B06BD /* NSString+Date.h */ = {isa = PBXFileReference; fileEncoding = 4; lastKnownFileType = sourcecode.c.h; path = "NSString+Date.h"; sourceTree = "<group>"; };
		BCEC3FB01E8F9A57000B06BD /* NSString+Date.m */ = {isa = PBXFileReference; fileEncoding = 4; lastKnownFileType = sourcecode.c.objc; path = "NSString+Date.m"; sourceTree = "<group>"; };
		BCEC3FB11E8F9A57000B06BD /* NSString+ECExtensions.h */ = {isa = PBXFileReference; fileEncoding = 4; lastKnownFileType = sourcecode.c.h; path = "NSString+ECExtensions.h"; sourceTree = "<group>"; };
		BCEC3FB21E8F9A57000B06BD /* NSString+ECExtensions.m */ = {isa = PBXFileReference; fileEncoding = 4; lastKnownFileType = sourcecode.c.objc; path = "NSString+ECExtensions.m"; sourceTree = "<group>"; };
		BCEC3FB41E8F9A57000B06BD /* UIAlertView+BlockKit.h */ = {isa = PBXFileReference; fileEncoding = 4; lastKnownFileType = sourcecode.c.h; path = "UIAlertView+BlockKit.h"; sourceTree = "<group>"; };
		BCEC3FB51E8F9A57000B06BD /* UIAlertView+BlockKit.m */ = {isa = PBXFileReference; fileEncoding = 4; lastKnownFileType = sourcecode.c.objc; path = "UIAlertView+BlockKit.m"; sourceTree = "<group>"; };
		BCEC3FB71E8F9A57000B06BD /* UIButton+Extension.h */ = {isa = PBXFileReference; fileEncoding = 4; lastKnownFileType = sourcecode.c.h; path = "UIButton+Extension.h"; sourceTree = "<group>"; };
		BCEC3FB81E8F9A57000B06BD /* UIButton+Extension.m */ = {isa = PBXFileReference; fileEncoding = 4; lastKnownFileType = sourcecode.c.objc; path = "UIButton+Extension.m"; sourceTree = "<group>"; };
		BCEC3FBA1E8F9A57000B06BD /* UIImage+ECExtensions.h */ = {isa = PBXFileReference; fileEncoding = 4; lastKnownFileType = sourcecode.c.h; path = "UIImage+ECExtensions.h"; sourceTree = "<group>"; };
		BCEC3FBB1E8F9A57000B06BD /* UIImage+ECExtensions.m */ = {isa = PBXFileReference; fileEncoding = 4; lastKnownFileType = sourcecode.c.objc; path = "UIImage+ECExtensions.m"; sourceTree = "<group>"; };
		BCEC3FBD1E8F9A57000B06BD /* CYLTableViewPlaceHolder.h */ = {isa = PBXFileReference; fileEncoding = 4; lastKnownFileType = sourcecode.c.h; path = CYLTableViewPlaceHolder.h; sourceTree = "<group>"; };
		BCEC3FBE1E8F9A57000B06BD /* CYLTableViewPlaceHolderDelegate.h */ = {isa = PBXFileReference; fileEncoding = 4; lastKnownFileType = sourcecode.c.h; path = CYLTableViewPlaceHolderDelegate.h; sourceTree = "<group>"; };
		BCEC3FBF1E8F9A57000B06BD /* UITableView+CYLTableViewPlaceHolder.h */ = {isa = PBXFileReference; fileEncoding = 4; lastKnownFileType = sourcecode.c.h; path = "UITableView+CYLTableViewPlaceHolder.h"; sourceTree = "<group>"; };
		BCEC3FC01E8F9A57000B06BD /* UITableView+CYLTableViewPlaceHolder.m */ = {isa = PBXFileReference; fileEncoding = 4; lastKnownFileType = sourcecode.c.objc; path = "UITableView+CYLTableViewPlaceHolder.m"; sourceTree = "<group>"; };
		BCEC3FC21E8F9A57000B06BD /* UIView+CommonMethods.h */ = {isa = PBXFileReference; fileEncoding = 4; lastKnownFileType = sourcecode.c.h; path = "UIView+CommonMethods.h"; sourceTree = "<group>"; };
		BCEC3FC31E8F9A57000B06BD /* UIView+CommonMethods.m */ = {isa = PBXFileReference; fileEncoding = 4; lastKnownFileType = sourcecode.c.objc; path = "UIView+CommonMethods.m"; sourceTree = "<group>"; };
		BCEC3FC41E8F9A57000B06BD /* UIView+Extension.h */ = {isa = PBXFileReference; fileEncoding = 4; lastKnownFileType = sourcecode.c.h; path = "UIView+Extension.h"; sourceTree = "<group>"; };
		BCEC3FC51E8F9A57000B06BD /* UIView+Extension.m */ = {isa = PBXFileReference; fileEncoding = 4; lastKnownFileType = sourcecode.c.objc; path = "UIView+Extension.m"; sourceTree = "<group>"; };
		BCEC3FC71E8F9A57000B06BD /* UIViewController+ECCommonMethods.h */ = {isa = PBXFileReference; fileEncoding = 4; lastKnownFileType = sourcecode.c.h; path = "UIViewController+ECCommonMethods.h"; sourceTree = "<group>"; };
		BCEC3FC81E8F9A57000B06BD /* UIViewController+ECCommonMethods.m */ = {isa = PBXFileReference; fileEncoding = 4; lastKnownFileType = sourcecode.c.objc; path = "UIViewController+ECCommonMethods.m"; sourceTree = "<group>"; };
		BCEC3FCA1E8F9A57000B06BD /* AssetSourceManager.h */ = {isa = PBXFileReference; fileEncoding = 4; lastKnownFileType = sourcecode.c.h; path = AssetSourceManager.h; sourceTree = "<group>"; };
		BCEC3FCB1E8F9A57000B06BD /* AssetSourceManager.m */ = {isa = PBXFileReference; fileEncoding = 4; lastKnownFileType = sourcecode.c.objc; path = AssetSourceManager.m; sourceTree = "<group>"; };
		BCEC3FCC1E8F9A57000B06BD /* ImageDataAPI.h */ = {isa = PBXFileReference; fileEncoding = 4; lastKnownFileType = sourcecode.c.h; path = ImageDataAPI.h; sourceTree = "<group>"; };
		BCEC3FCD1E8F9A57000B06BD /* ImageDataAPI.m */ = {isa = PBXFileReference; fileEncoding = 4; lastKnownFileType = sourcecode.c.objc; path = ImageDataAPI.m; sourceTree = "<group>"; };
		BCEC3FCE1E8F9A57000B06BD /* PHSourceManager.h */ = {isa = PBXFileReference; fileEncoding = 4; lastKnownFileType = sourcecode.c.h; path = PHSourceManager.h; sourceTree = "<group>"; };
		BCEC3FCF1E8F9A57000B06BD /* PHSourceManager.m */ = {isa = PBXFileReference; fileEncoding = 4; lastKnownFileType = sourcecode.c.objc; path = PHSourceManager.m; sourceTree = "<group>"; };
		BCEC3FD11E8F9A57000B06BD /* ALAsset+Date.h */ = {isa = PBXFileReference; fileEncoding = 4; lastKnownFileType = sourcecode.c.h; path = "ALAsset+Date.h"; sourceTree = "<group>"; };
		BCEC3FD21E8F9A57000B06BD /* ALAsset+Date.m */ = {isa = PBXFileReference; fileEncoding = 4; lastKnownFileType = sourcecode.c.objc; path = "ALAsset+Date.m"; sourceTree = "<group>"; };
		BCEC3FD31E8F9A57000B06BD /* AlbumObj.h */ = {isa = PBXFileReference; fileEncoding = 4; lastKnownFileType = sourcecode.c.h; path = AlbumObj.h; sourceTree = "<group>"; };
		BCEC3FD41E8F9A57000B06BD /* AlbumObj.m */ = {isa = PBXFileReference; fileEncoding = 4; lastKnownFileType = sourcecode.c.objc; path = AlbumObj.m; sourceTree = "<group>"; };
		BCEC3FD51E8F9A57000B06BD /* HWImageModel.h */ = {isa = PBXFileReference; fileEncoding = 4; lastKnownFileType = sourcecode.c.h; path = HWImageModel.h; sourceTree = "<group>"; };
		BCEC3FD61E8F9A57000B06BD /* HWImageModel.m */ = {isa = PBXFileReference; fileEncoding = 4; lastKnownFileType = sourcecode.c.objc; path = HWImageModel.m; sourceTree = "<group>"; };
		BCEC3FD71E8F9A57000B06BD /* MomentCollection.h */ = {isa = PBXFileReference; fileEncoding = 4; lastKnownFileType = sourcecode.c.h; path = MomentCollection.h; sourceTree = "<group>"; };
		BCEC3FD81E8F9A57000B06BD /* MomentCollection.m */ = {isa = PBXFileReference; fileEncoding = 4; lastKnownFileType = sourcecode.c.objc; path = MomentCollection.m; sourceTree = "<group>"; };
		BCEC3FD91E8F9A57000B06BD /* PhotoObj.h */ = {isa = PBXFileReference; fileEncoding = 4; lastKnownFileType = sourcecode.c.h; path = PhotoObj.h; sourceTree = "<group>"; };
		BCEC3FDA1E8F9A57000B06BD /* PhotoObj.m */ = {isa = PBXFileReference; fileEncoding = 4; lastKnownFileType = sourcecode.c.objc; path = PhotoObj.m; sourceTree = "<group>"; };
		BCEC3FDC1E8F9A57000B06BD /* ECShowImageView.h */ = {isa = PBXFileReference; fileEncoding = 4; lastKnownFileType = sourcecode.c.h; path = ECShowImageView.h; sourceTree = "<group>"; };
		BCEC3FDD1E8F9A57000B06BD /* ECShowImageView.m */ = {isa = PBXFileReference; fileEncoding = 4; lastKnownFileType = sourcecode.c.objc; path = ECShowImageView.m; sourceTree = "<group>"; };
		BCEC3FDE1E8F9A57000B06BD /* GlobalHeader.h */ = {isa = PBXFileReference; fileEncoding = 4; lastKnownFileType = sourcecode.c.h; path = GlobalHeader.h; sourceTree = "<group>"; };
		BCEC3FE01E8F9A57000B06BD /* HWAdsScrollView.h */ = {isa = PBXFileReference; fileEncoding = 4; lastKnownFileType = sourcecode.c.h; path = HWAdsScrollView.h; sourceTree = "<group>"; };
		BCEC3FE11E8F9A57000B06BD /* HWAdsScrollView.m */ = {isa = PBXFileReference; fileEncoding = 4; lastKnownFileType = sourcecode.c.objc; path = HWAdsScrollView.m; sourceTree = "<group>"; };
		BCEC3FE21E8F9A57000B06BD /* HWPageControl.h */ = {isa = PBXFileReference; fileEncoding = 4; lastKnownFileType = sourcecode.c.h; path = HWPageControl.h; sourceTree = "<group>"; };
		BCEC3FE31E8F9A57000B06BD /* HWPageControl.m */ = {isa = PBXFileReference; fileEncoding = 4; lastKnownFileType = sourcecode.c.objc; path = HWPageControl.m; sourceTree = "<group>"; };
		BCEC3FE41E8F9A57000B06BD /* HWScrollView.h */ = {isa = PBXFileReference; fileEncoding = 4; lastKnownFileType = sourcecode.c.h; path = HWScrollView.h; sourceTree = "<group>"; };
		BCEC3FE51E8F9A57000B06BD /* HWScrollView.m */ = {isa = PBXFileReference; fileEncoding = 4; lastKnownFileType = sourcecode.c.objc; path = HWScrollView.m; sourceTree = "<group>"; };
		BCEC3FE61E8F9A57000B06BD /* MultiPickerViewController.h */ = {isa = PBXFileReference; fileEncoding = 4; lastKnownFileType = sourcecode.c.h; path = MultiPickerViewController.h; sourceTree = "<group>"; };
		BCEC3FE71E8F9A57000B06BD /* MultiPickerViewController.m */ = {isa = PBXFileReference; fileEncoding = 4; lastKnownFileType = sourcecode.c.objc; path = MultiPickerViewController.m; sourceTree = "<group>"; };
		BCEC3FE81E8F9A57000B06BD /* PhotoPickerController.h */ = {isa = PBXFileReference; fileEncoding = 4; lastKnownFileType = sourcecode.c.h; path = PhotoPickerController.h; sourceTree = "<group>"; };
		BCEC3FE91E8F9A57000B06BD /* PhotoPickerController.m */ = {isa = PBXFileReference; fileEncoding = 4; lastKnownFileType = sourcecode.c.objc; path = PhotoPickerController.m; sourceTree = "<group>"; };
		BCEC3FEB1E8F9A57000B06BD /* btn_navi_return_title.png */ = {isa = PBXFileReference; lastKnownFileType = image.png; path = btn_navi_return_title.png; sourceTree = "<group>"; };
		BCEC3FEC1E8F9A57000B06BD /* photopicker_nor.png */ = {isa = PBXFileReference; lastKnownFileType = image.png; path = photopicker_nor.png; sourceTree = "<group>"; };
		BCEC3FED1E8F9A57000B06BD /* photopicker_sel.png */ = {isa = PBXFileReference; lastKnownFileType = image.png; path = photopicker_sel.png; sourceTree = "<group>"; };
		BCEC3FEF1E8F9A57000B06BD /* MultiPickerCell.h */ = {isa = PBXFileReference; fileEncoding = 4; lastKnownFileType = sourcecode.c.h; path = MultiPickerCell.h; sourceTree = "<group>"; };
		BCEC3FF01E8F9A57000B06BD /* MultiPickerCell.m */ = {isa = PBXFileReference; fileEncoding = 4; lastKnownFileType = sourcecode.c.objc; path = MultiPickerCell.m; sourceTree = "<group>"; };
		BCEC3FF11E8F9A57000B06BD /* PhotoPickerCell.h */ = {isa = PBXFileReference; fileEncoding = 4; lastKnownFileType = sourcecode.c.h; path = PhotoPickerCell.h; sourceTree = "<group>"; };
		BCEC3FF21E8F9A57000B06BD /* PhotoPickerCell.m */ = {isa = PBXFileReference; fileEncoding = 4; lastKnownFileType = sourcecode.c.objc; path = PhotoPickerCell.m; sourceTree = "<group>"; };
		BCEC3FF31E8F9A57000B06BD /* PickerElementView.h */ = {isa = PBXFileReference; fileEncoding = 4; lastKnownFileType = sourcecode.c.h; path = PickerElementView.h; sourceTree = "<group>"; };
		BCEC3FF41E8F9A57000B06BD /* PickerElementView.m */ = {isa = PBXFileReference; fileEncoding = 4; lastKnownFileType = sourcecode.c.objc; path = PickerElementView.m; sourceTree = "<group>"; };
		BCEC3FF51E8F9A57000B06BD /* VedioElementInfoView.h */ = {isa = PBXFileReference; fileEncoding = 4; lastKnownFileType = sourcecode.c.h; path = VedioElementInfoView.h; sourceTree = "<group>"; };
		BCEC3FF61E8F9A57000B06BD /* VedioElementInfoView.m */ = {isa = PBXFileReference; fileEncoding = 4; lastKnownFileType = sourcecode.c.objc; path = VedioElementInfoView.m; sourceTree = "<group>"; };
		BCF254591E8E61B800703981 /* HWPhotoPicker.app */ = {isa = PBXFileReference; explicitFileType = wrapper.application; includeInIndex = 0; path = HWPhotoPicker.app; sourceTree = BUILT_PRODUCTS_DIR; };
		BCF2545D1E8E61B800703981 /* main.m */ = {isa = PBXFileReference; lastKnownFileType = sourcecode.c.objc; path = main.m; sourceTree = "<group>"; };
		BCF2545F1E8E61B800703981 /* AppDelegate.h */ = {isa = PBXFileReference; lastKnownFileType = sourcecode.c.h; path = AppDelegate.h; sourceTree = "<group>"; };
		BCF254601E8E61B800703981 /* AppDelegate.m */ = {isa = PBXFileReference; lastKnownFileType = sourcecode.c.objc; path = AppDelegate.m; sourceTree = "<group>"; };
		BCF254621E8E61B800703981 /* ViewController.h */ = {isa = PBXFileReference; lastKnownFileType = sourcecode.c.h; path = ViewController.h; sourceTree = "<group>"; };
		BCF254631E8E61B800703981 /* ViewController.m */ = {isa = PBXFileReference; lastKnownFileType = sourcecode.c.objc; path = ViewController.m; sourceTree = "<group>"; };
		BCF254661E8E61B800703981 /* Base */ = {isa = PBXFileReference; lastKnownFileType = file.storyboard; name = Base; path = Base.lproj/Main.storyboard; sourceTree = "<group>"; };
		BCF254681E8E61B800703981 /* Assets.xcassets */ = {isa = PBXFileReference; lastKnownFileType = folder.assetcatalog; path = Assets.xcassets; sourceTree = "<group>"; };
		BCF2546B1E8E61B800703981 /* Base */ = {isa = PBXFileReference; lastKnownFileType = file.storyboard; name = Base; path = Base.lproj/LaunchScreen.storyboard; sourceTree = "<group>"; };
		BCF2546D1E8E61B800703981 /* Info.plist */ = {isa = PBXFileReference; lastKnownFileType = text.plist.xml; path = Info.plist; sourceTree = "<group>"; };
		E2A8A5696D328DEF0762B383 /* libPods-HWPhotoPicker.a */ = {isa = PBXFileReference; explicitFileType = archive.ar; includeInIndex = 0; path = "libPods-HWPhotoPicker.a"; sourceTree = BUILT_PRODUCTS_DIR; };
/* End PBXFileReference section */

/* Begin PBXFrameworksBuildPhase section */
		BCF254561E8E61B800703981 /* Frameworks */ = {
			isa = PBXFrameworksBuildPhase;
			buildActionMask = 2147483647;
			files = (
				0FAFB8F765696DBC809CF28C /* libPods-HWPhotoPicker.a in Frameworks */,
			);
			runOnlyForDeploymentPostprocessing = 0;
		};
/* End PBXFrameworksBuildPhase section */

/* Begin PBXGroup section */
		69F6D8F97C5187C4E637F537 /* Pods */ = {
			isa = PBXGroup;
			children = (
				66CC029F4236A54723949D08 /* Pods-HWPhotoPicker.debug.xcconfig */,
				2D8A58BD3595FF3468D80A47 /* Pods-HWPhotoPicker.release.xcconfig */,
			);
			name = Pods;
			sourceTree = "<group>";
		};
		BCEC3FA21E8F9A57000B06BD /* HWPhotoPicker */ = {
			isa = PBXGroup;
			children = (
				BCEC3FA31E8F9A57000B06BD /* Category(类别) */,
				BCEC3FC91E8F9A57000B06BD /* DataManager */,
				BCEC3FD01E8F9A57000B06BD /* DataModel */,
				BCEC3FDB1E8F9A57000B06BD /* ECShowImage */,
				BCEC3FDE1E8F9A57000B06BD /* GlobalHeader.h */,
				BCEC3FDF1E8F9A57000B06BD /* HWScrollView */,
				BCEC3FE61E8F9A57000B06BD /* MultiPickerViewController.h */,
				BCEC3FE71E8F9A57000B06BD /* MultiPickerViewController.m */,
				BCEC3FE81E8F9A57000B06BD /* PhotoPickerController.h */,
				BCEC3FE91E8F9A57000B06BD /* PhotoPickerController.m */,
				BCEC3FEA1E8F9A57000B06BD /* Resource */,
				BCEC3FEE1E8F9A57000B06BD /* Views */,
			);
			path = HWPhotoPicker;
			sourceTree = "<group>";
		};
		BCEC3FA31E8F9A57000B06BD /* Category(类别) */ = {
			isa = PBXGroup;
			children = (
				BCEC3FA41E8F9A57000B06BD /* NSArray */,
				BCEC3FA71E8F9A57000B06BD /* NSObject */,
				BCEC3FAC1E8F9A57000B06BD /* NSString */,
				BCEC3FB31E8F9A57000B06BD /* UIAlertView */,
				BCEC3FB61E8F9A57000B06BD /* UIButton */,
				BCEC3FB91E8F9A57000B06BD /* UIImage */,
				BCEC3FBC1E8F9A57000B06BD /* UITableView */,
				BCEC3FC11E8F9A57000B06BD /* UIView */,
				BCEC3FC61E8F9A57000B06BD /* UIViewController */,
			);
			path = "Category(类别)";
			sourceTree = "<group>";
		};
		BCEC3FA41E8F9A57000B06BD /* NSArray */ = {
			isa = PBXGroup;
			children = (
				BCEC3FA51E8F9A57000B06BD /* NSArray+Util.h */,
				BCEC3FA61E8F9A57000B06BD /* NSArray+Util.m */,
			);
			path = NSArray;
			sourceTree = "<group>";
		};
		BCEC3FA71E8F9A57000B06BD /* NSObject */ = {
			isa = PBXGroup;
			children = (
				BCEC3FA81E8F9A57000B06BD /* NSObject+AOP.h */,
				BCEC3FA91E8F9A57000B06BD /* NSObject+AOP.m */,
				BCEC3FAA1E8F9A57000B06BD /* NSObject+RunTimeUtility.h */,
				BCEC3FAB1E8F9A57000B06BD /* NSObject+RunTimeUtility.m */,
			);
			path = NSObject;
			sourceTree = "<group>";
		};
		BCEC3FAC1E8F9A57000B06BD /* NSString */ = {
			isa = PBXGroup;
			children = (
				BCEC3FAD1E8F9A57000B06BD /* NSString+CalculateSize.h */,
				BCEC3FAE1E8F9A57000B06BD /* NSString+CalculateSize.m */,
				BCEC3FAF1E8F9A57000B06BD /* NSString+Date.h */,
				BCEC3FB01E8F9A57000B06BD /* NSString+Date.m */,
				BCEC3FB11E8F9A57000B06BD /* NSString+ECExtensions.h */,
				BCEC3FB21E8F9A57000B06BD /* NSString+ECExtensions.m */,
			);
			path = NSString;
			sourceTree = "<group>";
		};
		BCEC3FB31E8F9A57000B06BD /* UIAlertView */ = {
			isa = PBXGroup;
			children = (
				BCEC3FB41E8F9A57000B06BD /* UIAlertView+BlockKit.h */,
				BCEC3FB51E8F9A57000B06BD /* UIAlertView+BlockKit.m */,
			);
			path = UIAlertView;
			sourceTree = "<group>";
		};
		BCEC3FB61E8F9A57000B06BD /* UIButton */ = {
			isa = PBXGroup;
			children = (
				BCEC3FB71E8F9A57000B06BD /* UIButton+Extension.h */,
				BCEC3FB81E8F9A57000B06BD /* UIButton+Extension.m */,
			);
			path = UIButton;
			sourceTree = "<group>";
		};
		BCEC3FB91E8F9A57000B06BD /* UIImage */ = {
			isa = PBXGroup;
			children = (
				BCEC3FBA1E8F9A57000B06BD /* UIImage+ECExtensions.h */,
				BCEC3FBB1E8F9A57000B06BD /* UIImage+ECExtensions.m */,
			);
			path = UIImage;
			sourceTree = "<group>";
		};
		BCEC3FBC1E8F9A57000B06BD /* UITableView */ = {
			isa = PBXGroup;
			children = (
				BCEC3FBD1E8F9A57000B06BD /* CYLTableViewPlaceHolder.h */,
				BCEC3FBE1E8F9A57000B06BD /* CYLTableViewPlaceHolderDelegate.h */,
				BCEC3FBF1E8F9A57000B06BD /* UITableView+CYLTableViewPlaceHolder.h */,
				BCEC3FC01E8F9A57000B06BD /* UITableView+CYLTableViewPlaceHolder.m */,
			);
			path = UITableView;
			sourceTree = "<group>";
		};
		BCEC3FC11E8F9A57000B06BD /* UIView */ = {
			isa = PBXGroup;
			children = (
				BCEC3FC21E8F9A57000B06BD /* UIView+CommonMethods.h */,
				BCEC3FC31E8F9A57000B06BD /* UIView+CommonMethods.m */,
				BCEC3FC41E8F9A57000B06BD /* UIView+Extension.h */,
				BCEC3FC51E8F9A57000B06BD /* UIView+Extension.m */,
			);
			path = UIView;
			sourceTree = "<group>";
		};
		BCEC3FC61E8F9A57000B06BD /* UIViewController */ = {
			isa = PBXGroup;
			children = (
				BCEC3FC71E8F9A57000B06BD /* UIViewController+ECCommonMethods.h */,
				BCEC3FC81E8F9A57000B06BD /* UIViewController+ECCommonMethods.m */,
			);
			path = UIViewController;
			sourceTree = "<group>";
		};
		BCEC3FC91E8F9A57000B06BD /* DataManager */ = {
			isa = PBXGroup;
			children = (
				BCEC3FCA1E8F9A57000B06BD /* AssetSourceManager.h */,
				BCEC3FCB1E8F9A57000B06BD /* AssetSourceManager.m */,
				BCEC3FCC1E8F9A57000B06BD /* ImageDataAPI.h */,
				BCEC3FCD1E8F9A57000B06BD /* ImageDataAPI.m */,
				BCEC3FCE1E8F9A57000B06BD /* PHSourceManager.h */,
				BCEC3FCF1E8F9A57000B06BD /* PHSourceManager.m */,
			);
			path = DataManager;
			sourceTree = "<group>";
		};
		BCEC3FD01E8F9A57000B06BD /* DataModel */ = {
			isa = PBXGroup;
			children = (
				BCEC3FD11E8F9A57000B06BD /* ALAsset+Date.h */,
				BCEC3FD21E8F9A57000B06BD /* ALAsset+Date.m */,
				BCEC3FD31E8F9A57000B06BD /* AlbumObj.h */,
				BCEC3FD41E8F9A57000B06BD /* AlbumObj.m */,
				BCEC3FD51E8F9A57000B06BD /* HWImageModel.h */,
				BCEC3FD61E8F9A57000B06BD /* HWImageModel.m */,
				BCEC3FD71E8F9A57000B06BD /* MomentCollection.h */,
				BCEC3FD81E8F9A57000B06BD /* MomentCollection.m */,
				BCEC3FD91E8F9A57000B06BD /* PhotoObj.h */,
				BCEC3FDA1E8F9A57000B06BD /* PhotoObj.m */,
			);
			path = DataModel;
			sourceTree = "<group>";
		};
		BCEC3FDB1E8F9A57000B06BD /* ECShowImage */ = {
			isa = PBXGroup;
			children = (
				BCEC3FDC1E8F9A57000B06BD /* ECShowImageView.h */,
				BCEC3FDD1E8F9A57000B06BD /* ECShowImageView.m */,
			);
			path = ECShowImage;
			sourceTree = "<group>";
		};
		BCEC3FDF1E8F9A57000B06BD /* HWScrollView */ = {
			isa = PBXGroup;
			children = (
				BCEC3FE01E8F9A57000B06BD /* HWAdsScrollView.h */,
				BCEC3FE11E8F9A57000B06BD /* HWAdsScrollView.m */,
				BCEC3FE21E8F9A57000B06BD /* HWPageControl.h */,
				BCEC3FE31E8F9A57000B06BD /* HWPageControl.m */,
				BCEC3FE41E8F9A57000B06BD /* HWScrollView.h */,
				BCEC3FE51E8F9A57000B06BD /* HWScrollView.m */,
			);
			path = HWScrollView;
			sourceTree = "<group>";
		};
		BCEC3FEA1E8F9A57000B06BD /* Resource */ = {
			isa = PBXGroup;
			children = (
				BCEC3FEB1E8F9A57000B06BD /* btn_navi_return_title.png */,
				BCEC3FEC1E8F9A57000B06BD /* photopicker_nor.png */,
				BCEC3FED1E8F9A57000B06BD /* photopicker_sel.png */,
			);
			path = Resource;
			sourceTree = "<group>";
		};
		BCEC3FEE1E8F9A57000B06BD /* Views */ = {
			isa = PBXGroup;
			children = (
				BCEC3FEF1E8F9A57000B06BD /* MultiPickerCell.h */,
				BCEC3FF01E8F9A57000B06BD /* MultiPickerCell.m */,
				BCEC3FF11E8F9A57000B06BD /* PhotoPickerCell.h */,
				BCEC3FF21E8F9A57000B06BD /* PhotoPickerCell.m */,
				BCEC3FF31E8F9A57000B06BD /* PickerElementView.h */,
				BCEC3FF41E8F9A57000B06BD /* PickerElementView.m */,
				BCEC3FF51E8F9A57000B06BD /* VedioElementInfoView.h */,
				BCEC3FF61E8F9A57000B06BD /* VedioElementInfoView.m */,
			);
			path = Views;
			sourceTree = "<group>";
		};
		BCF254501E8E61B800703981 = {
			isa = PBXGroup;
			children = (
				BCF2545B1E8E61B800703981 /* HWPhotoPicker */,
				BCF2545A1E8E61B800703981 /* Products */,
				69F6D8F97C5187C4E637F537 /* Pods */,
				ED6DCC111731BCDC2C1A9D71 /* Frameworks */,
			);
			sourceTree = "<group>";
		};
		BCF2545A1E8E61B800703981 /* Products */ = {
			isa = PBXGroup;
			children = (
				BCF254591E8E61B800703981 /* HWPhotoPicker.app */,
			);
			name = Products;
			sourceTree = "<group>";
		};
		BCF2545B1E8E61B800703981 /* HWPhotoPicker */ = {
			isa = PBXGroup;
			children = (
				BCEC3FA21E8F9A57000B06BD /* HWPhotoPicker */,
				BCF2545F1E8E61B800703981 /* AppDelegate.h */,
				BCF254601E8E61B800703981 /* AppDelegate.m */,
				BCF254621E8E61B800703981 /* ViewController.h */,
				BCF254631E8E61B800703981 /* ViewController.m */,
				BCF254651E8E61B800703981 /* Main.storyboard */,
				BCF254681E8E61B800703981 /* Assets.xcassets */,
				BCF2546A1E8E61B800703981 /* LaunchScreen.storyboard */,
				BCF2546D1E8E61B800703981 /* Info.plist */,
				BCF2545C1E8E61B800703981 /* Supporting Files */,
			);
			path = HWPhotoPicker;
			sourceTree = "<group>";
		};
		BCF2545C1E8E61B800703981 /* Supporting Files */ = {
			isa = PBXGroup;
			children = (
				BCF2545D1E8E61B800703981 /* main.m */,
			);
			name = "Supporting Files";
			sourceTree = "<group>";
		};
		ED6DCC111731BCDC2C1A9D71 /* Frameworks */ = {
			isa = PBXGroup;
			children = (
				E2A8A5696D328DEF0762B383 /* libPods-HWPhotoPicker.a */,
			);
			name = Frameworks;
			sourceTree = "<group>";
		};
/* End PBXGroup section */

/* Begin PBXNativeTarget section */
		BCF254581E8E61B800703981 /* HWPhotoPicker */ = {
			isa = PBXNativeTarget;
			buildConfigurationList = BCF254701E8E61B800703981 /* Build configuration list for PBXNativeTarget "HWPhotoPicker" */;
			buildPhases = (
				1A99F8F0B507A3BEEC29A2A6 /* [CP] Check Pods Manifest.lock */,
				BCF254551E8E61B800703981 /* Sources */,
				BCF254561E8E61B800703981 /* Frameworks */,
				BCF254571E8E61B800703981 /* Resources */,
				B71EDC1BAE692B1B3183DBB8 /* [CP] Embed Pods Frameworks */,
				B668E2F2AE28F885EFCA673F /* [CP] Copy Pods Resources */,
			);
			buildRules = (
			);
			dependencies = (
			);
			name = HWPhotoPicker;
			productName = HWPhotoPicker;
			productReference = BCF254591E8E61B800703981 /* HWPhotoPicker.app */;
			productType = "com.apple.product-type.application";
		};
/* End PBXNativeTarget section */

/* Begin PBXProject section */
		BCF254511E8E61B800703981 /* Project object */ = {
			isa = PBXProject;
			attributes = {
				LastUpgradeCheck = 0820;
				ORGANIZATIONNAME = yellowei;
				TargetAttributes = {
					BCF254581E8E61B800703981 = {
						CreatedOnToolsVersion = 8.2.1;
						DevelopmentTeam = 4Z49MWW88D;
						ProvisioningStyle = Automatic;
					};
				};
			};
			buildConfigurationList = BCF254541E8E61B800703981 /* Build configuration list for PBXProject "HWPhotoPicker" */;
			compatibilityVersion = "Xcode 3.2";
			developmentRegion = English;
			hasScannedForEncodings = 0;
			knownRegions = (
				en,
				Base,
			);
			mainGroup = BCF254501E8E61B800703981;
			productRefGroup = BCF2545A1E8E61B800703981 /* Products */;
			projectDirPath = "";
			projectRoot = "";
			targets = (
				BCF254581E8E61B800703981 /* HWPhotoPicker */,
			);
		};
/* End PBXProject section */

/* Begin PBXResourcesBuildPhase section */
		BCF254571E8E61B800703981 /* Resources */ = {
			isa = PBXResourcesBuildPhase;
			buildActionMask = 2147483647;
			files = (
				BCF2546C1E8E61B800703981 /* LaunchScreen.storyboard in Resources */,
				BCEC40141E8F9A57000B06BD /* photopicker_sel.png in Resources */,
				BCEC40121E8F9A57000B06BD /* btn_navi_return_title.png in Resources */,
				BCF254691E8E61B800703981 /* Assets.xcassets in Resources */,
				BCF254671E8E61B800703981 /* Main.storyboard in Resources */,
				BCEC40131E8F9A57000B06BD /* photopicker_nor.png in Resources */,
			);
			runOnlyForDeploymentPostprocessing = 0;
		};
/* End PBXResourcesBuildPhase section */

/* Begin PBXShellScriptBuildPhase section */
		1A99F8F0B507A3BEEC29A2A6 /* [CP] Check Pods Manifest.lock */ = {
			isa = PBXShellScriptBuildPhase;
			buildActionMask = 2147483647;
			files = (
			);
			inputPaths = (
			);
			name = "[CP] Check Pods Manifest.lock";
			outputPaths = (
			);
			runOnlyForDeploymentPostprocessing = 0;
			shellPath = /bin/sh;
			shellScript = "diff \"${PODS_ROOT}/../Podfile.lock\" \"${PODS_ROOT}/Manifest.lock\" > /dev/null\nif [ $? != 0 ] ; then\n    # print error to STDERR\n    echo \"error: The sandbox is not in sync with the Podfile.lock. Run 'pod install' or update your CocoaPods installation.\" >&2\n    exit 1\nfi\n";
			showEnvVarsInLog = 0;
		};
		B668E2F2AE28F885EFCA673F /* [CP] Copy Pods Resources */ = {
			isa = PBXShellScriptBuildPhase;
			buildActionMask = 2147483647;
			files = (
			);
			inputPaths = (
			);
			name = "[CP] Copy Pods Resources";
			outputPaths = (
			);
			runOnlyForDeploymentPostprocessing = 0;
			shellPath = /bin/sh;
			shellScript = "\"${SRCROOT}/Pods/Target Support Files/Pods-HWPhotoPicker/Pods-HWPhotoPicker-resources.sh\"\n";
			showEnvVarsInLog = 0;
		};
		B71EDC1BAE692B1B3183DBB8 /* [CP] Embed Pods Frameworks */ = {
			isa = PBXShellScriptBuildPhase;
			buildActionMask = 2147483647;
			files = (
			);
			inputPaths = (
			);
			name = "[CP] Embed Pods Frameworks";
			outputPaths = (
			);
			runOnlyForDeploymentPostprocessing = 0;
			shellPath = /bin/sh;
			shellScript = "\"${SRCROOT}/Pods/Target Support Files/Pods-HWPhotoPicker/Pods-HWPhotoPicker-frameworks.sh\"\n";
			showEnvVarsInLog = 0;
		};
/* End PBXShellScriptBuildPhase section */

/* Begin PBXSourcesBuildPhase section */
		BCF254551E8E61B800703981 /* Sources */ = {
			isa = PBXSourcesBuildPhase;
			buildActionMask = 2147483647;
			files = (
				BCEC40151E8F9A57000B06BD /* MultiPickerCell.m in Sources */,
				BCEC40051E8F9A57000B06BD /* ImageDataAPI.m in Sources */,
				BCEC40081E8F9A57000B06BD /* AlbumObj.m in Sources */,
				BCEC40101E8F9A57000B06BD /* MultiPickerViewController.m in Sources */,
				BCEC400A1E8F9A57000B06BD /* MomentCollection.m in Sources */,
				BCEC400D1E8F9A57000B06BD /* HWAdsScrollView.m in Sources */,
				BCEC40021E8F9A57000B06BD /* UIView+Extension.m in Sources */,
				BCEC3FFD1E8F9A57000B06BD /* UIAlertView+BlockKit.m in Sources */,
				BCEC40031E8F9A57000B06BD /* UIViewController+ECCommonMethods.m in Sources */,
				BCF254641E8E61B800703981 /* ViewController.m in Sources */,
				BCEC400C1E8F9A57000B06BD /* ECShowImageView.m in Sources */,
				BCEC40041E8F9A57000B06BD /* AssetSourceManager.m in Sources */,
				BCEC40011E8F9A57000B06BD /* UIView+CommonMethods.m in Sources */,
				BCEC40091E8F9A57000B06BD /* HWImageModel.m in Sources */,
				BCEC400B1E8F9A57000B06BD /* PhotoObj.m in Sources */,
				BCEC40181E8F9A57000B06BD /* VedioElementInfoView.m in Sources */,
				BCF254611E8E61B800703981 /* AppDelegate.m in Sources */,
				BCEC400E1E8F9A57000B06BD /* HWPageControl.m in Sources */,
				BCEC3FFA1E8F9A57000B06BD /* NSString+CalculateSize.m in Sources */,
				BCEC3FFB1E8F9A57000B06BD /* NSString+Date.m in Sources */,
				BCEC40001E8F9A57000B06BD /* UITableView+CYLTableViewPlaceHolder.m in Sources */,
				BCEC40161E8F9A57000B06BD /* PhotoPickerCell.m in Sources */,
				BCEC3FFF1E8F9A57000B06BD /* UIImage+ECExtensions.m in Sources */,
				BCEC40061E8F9A57000B06BD /* PHSourceManager.m in Sources */,
				BCEC40171E8F9A57000B06BD /* PickerElementView.m in Sources */,
				BCEC3FF81E8F9A57000B06BD /* NSObject+AOP.m in Sources */,
				BCEC3FF91E8F9A57000B06BD /* NSObject+RunTimeUtility.m in Sources */,
				BCEC400F1E8F9A57000B06BD /* HWScrollView.m in Sources */,
				BCEC40111E8F9A57000B06BD /* PhotoPickerController.m in Sources */,
				BCEC3FFE1E8F9A57000B06BD /* UIButton+Extension.m in Sources */,
				BCEC3FFC1E8F9A57000B06BD /* NSString+ECExtensions.m in Sources */,
				BCEC3FF71E8F9A57000B06BD /* NSArray+Util.m in Sources */,
				BCF2545E1E8E61B800703981 /* main.m in Sources */,
				BCEC40071E8F9A57000B06BD /* ALAsset+Date.m in Sources */,
			);
			runOnlyForDeploymentPostprocessing = 0;
		};
/* End PBXSourcesBuildPhase section */

/* Begin PBXVariantGroup section */
		BCF254651E8E61B800703981 /* Main.storyboard */ = {
			isa = PBXVariantGroup;
			children = (
				BCF254661E8E61B800703981 /* Base */,
			);
			name = Main.storyboard;
			sourceTree = "<group>";
		};
		BCF2546A1E8E61B800703981 /* LaunchScreen.storyboard */ = {
			isa = PBXVariantGroup;
			children = (
				BCF2546B1E8E61B800703981 /* Base */,
			);
			name = LaunchScreen.storyboard;
			sourceTree = "<group>";
		};
/* End PBXVariantGroup section */

/* Begin XCBuildConfiguration section */
		BCF2546E1E8E61B800703981 /* Debug */ = {
			isa = XCBuildConfiguration;
			buildSettings = {
				ALWAYS_SEARCH_USER_PATHS = NO;
				CLANG_ANALYZER_NONNULL = YES;
				CLANG_CXX_LANGUAGE_STANDARD = "gnu++0x";
				CLANG_CXX_LIBRARY = "libc++";
				CLANG_ENABLE_MODULES = YES;
				CLANG_ENABLE_OBJC_ARC = YES;
				CLANG_WARN_BOOL_CONVERSION = YES;
				CLANG_WARN_CONSTANT_CONVERSION = YES;
				CLANG_WARN_DIRECT_OBJC_ISA_USAGE = YES_ERROR;
				CLANG_WARN_DOCUMENTATION_COMMENTS = YES;
				CLANG_WARN_EMPTY_BODY = YES;
				CLANG_WARN_ENUM_CONVERSION = YES;
				CLANG_WARN_INFINITE_RECURSION = YES;
				CLANG_WARN_INT_CONVERSION = YES;
				CLANG_WARN_OBJC_ROOT_CLASS = YES_ERROR;
				CLANG_WARN_SUSPICIOUS_MOVE = YES;
				CLANG_WARN_UNREACHABLE_CODE = YES;
				CLANG_WARN__DUPLICATE_METHOD_MATCH = YES;
				"CODE_SIGN_IDENTITY[sdk=iphoneos*]" = "iPhone Developer";
				COPY_PHASE_STRIP = NO;
				DEBUG_INFORMATION_FORMAT = dwarf;
				ENABLE_STRICT_OBJC_MSGSEND = YES;
				ENABLE_TESTABILITY = YES;
				GCC_C_LANGUAGE_STANDARD = gnu99;
				GCC_DYNAMIC_NO_PIC = NO;
				GCC_NO_COMMON_BLOCKS = YES;
				GCC_OPTIMIZATION_LEVEL = 0;
				GCC_PREPROCESSOR_DEFINITIONS = (
					"DEBUG=1",
					"$(inherited)",
				);
				GCC_WARN_64_TO_32_BIT_CONVERSION = YES;
				GCC_WARN_ABOUT_RETURN_TYPE = YES_ERROR;
				GCC_WARN_UNDECLARED_SELECTOR = YES;
				GCC_WARN_UNINITIALIZED_AUTOS = YES_AGGRESSIVE;
				GCC_WARN_UNUSED_FUNCTION = YES;
				GCC_WARN_UNUSED_VARIABLE = YES;
				IPHONEOS_DEPLOYMENT_TARGET = 10.2;
				MTL_ENABLE_DEBUG_INFO = YES;
				ONLY_ACTIVE_ARCH = YES;
				SDKROOT = iphoneos;
			};
			name = Debug;
		};
		BCF2546F1E8E61B800703981 /* Release */ = {
			isa = XCBuildConfiguration;
			buildSettings = {
				ALWAYS_SEARCH_USER_PATHS = NO;
				CLANG_ANALYZER_NONNULL = YES;
				CLANG_CXX_LANGUAGE_STANDARD = "gnu++0x";
				CLANG_CXX_LIBRARY = "libc++";
				CLANG_ENABLE_MODULES = YES;
				CLANG_ENABLE_OBJC_ARC = YES;
				CLANG_WARN_BOOL_CONVERSION = YES;
				CLANG_WARN_CONSTANT_CONVERSION = YES;
				CLANG_WARN_DIRECT_OBJC_ISA_USAGE = YES_ERROR;
				CLANG_WARN_DOCUMENTATION_COMMENTS = YES;
				CLANG_WARN_EMPTY_BODY = YES;
				CLANG_WARN_ENUM_CONVERSION = YES;
				CLANG_WARN_INFINITE_RECURSION = YES;
				CLANG_WARN_INT_CONVERSION = YES;
				CLANG_WARN_OBJC_ROOT_CLASS = YES_ERROR;
				CLANG_WARN_SUSPICIOUS_MOVE = YES;
				CLANG_WARN_UNREACHABLE_CODE = YES;
				CLANG_WARN__DUPLICATE_METHOD_MATCH = YES;
				"CODE_SIGN_IDENTITY[sdk=iphoneos*]" = "iPhone Developer";
				COPY_PHASE_STRIP = NO;
				DEBUG_INFORMATION_FORMAT = "dwarf-with-dsym";
				ENABLE_NS_ASSERTIONS = NO;
				ENABLE_STRICT_OBJC_MSGSEND = YES;
				GCC_C_LANGUAGE_STANDARD = gnu99;
				GCC_NO_COMMON_BLOCKS = YES;
				GCC_WARN_64_TO_32_BIT_CONVERSION = YES;
				GCC_WARN_ABOUT_RETURN_TYPE = YES_ERROR;
				GCC_WARN_UNDECLARED_SELECTOR = YES;
				GCC_WARN_UNINITIALIZED_AUTOS = YES_AGGRESSIVE;
				GCC_WARN_UNUSED_FUNCTION = YES;
				GCC_WARN_UNUSED_VARIABLE = YES;
				IPHONEOS_DEPLOYMENT_TARGET = 10.2;
				MTL_ENABLE_DEBUG_INFO = NO;
				SDKROOT = iphoneos;
				VALIDATE_PRODUCT = YES;
			};
			name = Release;
		};
		BCF254711E8E61B800703981 /* Debug */ = {
			isa = XCBuildConfiguration;
			baseConfigurationReference = 66CC029F4236A54723949D08 /* Pods-HWPhotoPicker.debug.xcconfig */;
			buildSettings = {
				ASSETCATALOG_COMPILER_APPICON_NAME = AppIcon;
				DEVELOPMENT_TEAM = 4Z49MWW88D;
				INFOPLIST_FILE = HWPhotoPicker/Info.plist;
				LD_RUNPATH_SEARCH_PATHS = "$(inherited) @executable_path/Frameworks";
				PRODUCT_BUNDLE_IDENTIFIER = com.dental360.doctor;
				PRODUCT_NAME = "$(TARGET_NAME)";
			};
			name = Debug;
		};
		BCF254721E8E61B800703981 /* Release */ = {
			isa = XCBuildConfiguration;
			baseConfigurationReference = 2D8A58BD3595FF3468D80A47 /* Pods-HWPhotoPicker.release.xcconfig */;
			buildSettings = {
				ASSETCATALOG_COMPILER_APPICON_NAME = AppIcon;
				DEVELOPMENT_TEAM = 4Z49MWW88D;
				INFOPLIST_FILE = HWPhotoPicker/Info.plist;
				LD_RUNPATH_SEARCH_PATHS = "$(inherited) @executable_path/Frameworks";
				PRODUCT_BUNDLE_IDENTIFIER = com.dental360.doctor;
				PRODUCT_NAME = "$(TARGET_NAME)";
			};
			name = Release;
		};
/* End XCBuildConfiguration section */

/* Begin XCConfigurationList section */
		BCF254541E8E61B800703981 /* Build configuration list for PBXProject "HWPhotoPicker" */ = {
			isa = XCConfigurationList;
			buildConfigurations = (
				BCF2546E1E8E61B800703981 /* Debug */,
				BCF2546F1E8E61B800703981 /* Release */,
			);
			defaultConfigurationIsVisible = 0;
			defaultConfigurationName = Release;
		};
		BCF254701E8E61B800703981 /* Build configuration list for PBXNativeTarget "HWPhotoPicker" */ = {
			isa = XCConfigurationList;
			buildConfigurations = (
				BCF254711E8E61B800703981 /* Debug */,
				BCF254721E8E61B800703981 /* Release */,
			);
			defaultConfigurationIsVisible = 0;
			defaultConfigurationName = Release;
		};
/* End XCConfigurationList section */
	};
	rootObject = BCF254511E8E61B800703981 /* Project object */;
}
